
Microsoft Visual Studio Solution File, Format Version 12.00
# Visual Studio Version 17
VisualStudioVersion = 17.6.33801.468
MinimumVisualStudioVersion = 10.0.40219.1
Project("{FAE04EC0-301F-11D3-BF4B-00C04F79EFBC}") = "WindowsFormsApp1", "WindowsFormsApp1.csproj", "{87239C48-451B-46D9-8CA9-5E72BE4154B8}"
EndProject
Global
	GlobalSection(SolutionConfigurationPlatforms) = preSolution
		Debug|Any CPU = Debug|Any CPU
		Release|Any CPU = Release|Any CPU
	EndGlobalSection
	GlobalSection(ProjectConfigurationPlatforms) = postSolution
		{87239C48-451B-46D9-8CA9-5E72BE4154B8}.Debug|Any CPU.ActiveCfg = Debug|Any CPU
		{87239C48-451B-46D9-8CA9-5E72BE4154B8}.Debug|Any CPU.Build.0 = Debug|Any CPU
		{87239C48-451B-46D9-8CA9-5E72BE4154B8}.Release|Any CPU.ActiveCfg = Release|Any CPU
		{87239C48-451B-46D9-8CA9-5E72BE4154B8}.Release|Any CPU.Build.0 = Release|Any CPU
	EndGlobalSection
	GlobalSection(SolutionProperties) = preSolution
		HideSolutionNode = FALSE
	EndGlobalSection
	GlobalSection(ExtensibilityGlobals) = postSolution
		SolutionGuid = {202992C4-2EAF-4082-9A00-8D2E9ACC7388}
	EndGlobalSection
EndGlobal
